
Microsoft Visual Studio Solution File, Format Version 12.00
# Visual Studio 15
VisualStudioVersion = 15.0.27130.2010
MinimumVisualStudioVersion = 10.0.40219.1
Project("{FAE04EC0-301F-11D3-BF4B-00C04F79EFBC}") = "SysExLab_Android", "SysExLab\SysExLab.Android\SysExLab_Android.csproj", "{67B3D2D2-2505-4CFA-AC9C-D3D6A66F04D2}"
EndProject
Project("{FAE04EC0-301F-11D3-BF4B-00C04F79EFBC}") = "SysExLab", "SysExLab\SysExLab\SysExLab.csproj", "{02F9C47F-DBBE-465C-9A8A-3F4667F229D1}"
EndProject
Project("{FAE04EC0-301F-11D3-BF4B-00C04F79EFBC}") = "SysExLab_UWP", "SysExLab\SysExLab.UWP\SysExLab_UWP.csproj", "{10001EF0-FA44-417B-9D66-3297A8574F5E}"
EndProject
Project("{FAE04EC0-301F-11D3-BF4B-00C04F79EFBC}") = "SysExLab_iOS", "SysExLab\SysExLab.iOS\SysExLab_iOS.csproj", "{AE0B8F2E-1D9D-48E3-A21C-DF0E74ED3A64}"
EndProject
Project("{FAE04EC0-301F-11D3-BF4B-00C04F79EFBC}") = "SysExLab_MacOS", "SysExLab_MacOS\SysExLab_MacOS.csproj", "{DC2C99C0-B8EC-4AB0-94BE-D8EDC4C6FA93}"
EndProject
Global
	GlobalSection(SolutionConfigurationPlatforms) = preSolution
		Ad-Hoc|Any CPU = Ad-Hoc|Any CPU
		Ad-Hoc|ARM = Ad-Hoc|ARM
		Ad-Hoc|iPhone = Ad-Hoc|iPhone
		Ad-Hoc|iPhoneSimulator = Ad-Hoc|iPhoneSimulator
		Ad-Hoc|MacBook = Ad-Hoc|MacBook
		Ad-Hoc|x64 = Ad-Hoc|x64
		Ad-Hoc|x86 = Ad-Hoc|x86
		AppStore|Any CPU = AppStore|Any CPU
		AppStore|ARM = AppStore|ARM
		AppStore|iPhone = AppStore|iPhone
		AppStore|iPhoneSimulator = AppStore|iPhoneSimulator
		AppStore|MacBook = AppStore|MacBook
		AppStore|x64 = AppStore|x64
		AppStore|x86 = AppStore|x86
		Debug|Any CPU = Debug|Any CPU
		Debug|ARM = Debug|ARM
		Debug|iPhone = Debug|iPhone
		Debug|iPhoneSimulator = Debug|iPhoneSimulator
		Debug|MacBook = Debug|MacBook
		Debug|x64 = Debug|x64
		Debug|x86 = Debug|x86
		Release|Any CPU = Release|Any CPU
		Release|ARM = Release|ARM
		Release|iPhone = Release|iPhone
		Release|iPhoneSimulator = Release|iPhoneSimulator
		Release|MacBook = Release|MacBook
		Release|x64 = Release|x64
		Release|x86 = Release|x86
	EndGlobalSection
	GlobalSection(ProjectConfigurationPlatforms) = postSolution
		{67B3D2D2-2505-4CFA-AC9C-D3D6A66F04D2}.Ad-Hoc|Any CPU.ActiveCfg = Release|Any CPU
		{67B3D2D2-2505-4CFA-AC9C-D3D6A66F04D2}.Ad-Hoc|Any CPU.Build.0 = Release|Any CPU
		{67B3D2D2-2505-4CFA-AC9C-D3D6A66F04D2}.Ad-Hoc|Any CPU.Deploy.0 = Release|Any CPU
		{67B3D2D2-2505-4CFA-AC9C-D3D6A66F04D2}.Ad-Hoc|ARM.ActiveCfg = Release|Any CPU
		{67B3D2D2-2505-4CFA-AC9C-D3D6A66F04D2}.Ad-Hoc|ARM.Build.0 = Release|Any CPU
		{67B3D2D2-2505-4CFA-AC9C-D3D6A66F04D2}.Ad-Hoc|ARM.Deploy.0 = Release|Any CPU
		{67B3D2D2-2505-4CFA-AC9C-D3D6A66F04D2}.Ad-Hoc|iPhone.ActiveCfg = Release|Any CPU
		{67B3D2D2-2505-4CFA-AC9C-D3D6A66F04D2}.Ad-Hoc|iPhone.Build.0 = Release|Any CPU
		{67B3D2D2-2505-4CFA-AC9C-D3D6A66F04D2}.Ad-Hoc|iPhone.Deploy.0 = Release|Any CPU
		{67B3D2D2-2505-4CFA-AC9C-D3D6A66F04D2}.Ad-Hoc|iPhoneSimulator.ActiveCfg = Release|Any CPU
		{67B3D2D2-2505-4CFA-AC9C-D3D6A66F04D2}.Ad-Hoc|iPhoneSimulator.Build.0 = Release|Any CPU
		{67B3D2D2-2505-4CFA-AC9C-D3D6A66F04D2}.Ad-Hoc|iPhoneSimulator.Deploy.0 = Release|Any CPU
		{67B3D2D2-2505-4CFA-AC9C-D3D6A66F04D2}.Ad-Hoc|MacBook.ActiveCfg = Release|Any CPU
		{67B3D2D2-2505-4CFA-AC9C-D3D6A66F04D2}.Ad-Hoc|MacBook.Build.0 = Release|Any CPU
		{67B3D2D2-2505-4CFA-AC9C-D3D6A66F04D2}.Ad-Hoc|MacBook.Deploy.0 = Release|Any CPU
		{67B3D2D2-2505-4CFA-AC9C-D3D6A66F04D2}.Ad-Hoc|x64.ActiveCfg = Release|Any CPU
		{67B3D2D2-2505-4CFA-AC9C-D3D6A66F04D2}.Ad-Hoc|x64.Build.0 = Release|Any CPU
		{67B3D2D2-2505-4CFA-AC9C-D3D6A66F04D2}.Ad-Hoc|x64.Deploy.0 = Release|Any CPU
		{67B3D2D2-2505-4CFA-AC9C-D3D6A66F04D2}.Ad-Hoc|x86.ActiveCfg = Release|Any CPU
		{67B3D2D2-2505-4CFA-AC9C-D3D6A66F04D2}.Ad-Hoc|x86.Build.0 = Release|Any CPU
		{67B3D2D2-2505-4CFA-AC9C-D3D6A66F04D2}.Ad-Hoc|x86.Deploy.0 = Release|Any CPU
		{67B3D2D2-2505-4CFA-AC9C-D3D6A66F04D2}.AppStore|Any CPU.ActiveCfg = Release|Any CPU
		{67B3D2D2-2505-4CFA-AC9C-D3D6A66F04D2}.AppStore|Any CPU.Build.0 = Release|Any CPU
		{67B3D2D2-2505-4CFA-AC9C-D3D6A66F04D2}.AppStore|Any CPU.Deploy.0 = Release|Any CPU
		{67B3D2D2-2505-4CFA-AC9C-D3D6A66F04D2}.AppStore|ARM.ActiveCfg = Release|Any CPU
		{67B3D2D2-2505-4CFA-AC9C-D3D6A66F04D2}.AppStore|ARM.Build.0 = Release|Any CPU
		{67B3D2D2-2505-4CFA-AC9C-D3D6A66F04D2}.AppStore|ARM.Deploy.0 = Release|Any CPU
		{67B3D2D2-2505-4CFA-AC9C-D3D6A66F04D2}.AppStore|iPhone.ActiveCfg = Release|Any CPU
		{67B3D2D2-2505-4CFA-AC9C-D3D6A66F04D2}.AppStore|iPhone.Build.0 = Release|Any CPU
		{67B3D2D2-2505-4CFA-AC9C-D3D6A66F04D2}.AppStore|iPhone.Deploy.0 = Release|Any CPU
		{67B3D2D2-2505-4CFA-AC9C-D3D6A66F04D2}.AppStore|iPhoneSimulator.ActiveCfg = Release|Any CPU
		{67B3D2D2-2505-4CFA-AC9C-D3D6A66F04D2}.AppStore|iPhoneSimulator.Build.0 = Release|Any CPU
		{67B3D2D2-2505-4CFA-AC9C-D3D6A66F04D2}.AppStore|iPhoneSimulator.Deploy.0 = Release|Any CPU
		{67B3D2D2-2505-4CFA-AC9C-D3D6A66F04D2}.AppStore|MacBook.ActiveCfg = Release|Any CPU
		{67B3D2D2-2505-4CFA-AC9C-D3D6A66F04D2}.AppStore|MacBook.Build.0 = Release|Any CPU
		{67B3D2D2-2505-4CFA-AC9C-D3D6A66F04D2}.AppStore|MacBook.Deploy.0 = Release|Any CPU
		{67B3D2D2-2505-4CFA-AC9C-D3D6A66F04D2}.AppStore|x64.ActiveCfg = Release|Any CPU
		{67B3D2D2-2505-4CFA-AC9C-D3D6A66F04D2}.AppStore|x64.Build.0 = Release|Any CPU
		{67B3D2D2-2505-4CFA-AC9C-D3D6A66F04D2}.AppStore|x64.Deploy.0 = Release|Any CPU
		{67B3D2D2-2505-4CFA-AC9C-D3D6A66F04D2}.AppStore|x86.ActiveCfg = Release|Any CPU
		{67B3D2D2-2505-4CFA-AC9C-D3D6A66F04D2}.AppStore|x86.Build.0 = Release|Any CPU
		{67B3D2D2-2505-4CFA-AC9C-D3D6A66F04D2}.AppStore|x86.Deploy.0 = Release|Any CPU
		{67B3D2D2-2505-4CFA-AC9C-D3D6A66F04D2}.Debug|Any CPU.ActiveCfg = Debug|Any CPU
		{67B3D2D2-2505-4CFA-AC9C-D3D6A66F04D2}.Debug|Any CPU.Build.0 = Debug|Any CPU
		{67B3D2D2-2505-4CFA-AC9C-D3D6A66F04D2}.Debug|Any CPU.Deploy.0 = Debug|Any CPU
		{67B3D2D2-2505-4CFA-AC9C-D3D6A66F04D2}.Debug|ARM.ActiveCfg = Debug|Any CPU
		{67B3D2D2-2505-4CFA-AC9C-D3D6A66F04D2}.Debug|ARM.Build.0 = Debug|Any CPU
		{67B3D2D2-2505-4CFA-AC9C-D3D6A66F04D2}.Debug|ARM.Deploy.0 = Debug|Any CPU
		{67B3D2D2-2505-4CFA-AC9C-D3D6A66F04D2}.Debug|iPhone.ActiveCfg = Debug|Any CPU
		{67B3D2D2-2505-4CFA-AC9C-D3D6A66F04D2}.Debug|iPhone.Build.0 = Debug|Any CPU
		{67B3D2D2-2505-4CFA-AC9C-D3D6A66F04D2}.Debug|iPhone.Deploy.0 = Debug|Any CPU
		{67B3D2D2-2505-4CFA-AC9C-D3D6A66F04D2}.Debug|iPhoneSimulator.ActiveCfg = Debug|Any CPU
		{67B3D2D2-2505-4CFA-AC9C-D3D6A66F04D2}.Debug|iPhoneSimulator.Build.0 = Debug|Any CPU
		{67B3D2D2-2505-4CFA-AC9C-D3D6A66F04D2}.Debug|iPhoneSimulator.Deploy.0 = Debug|Any CPU
		{67B3D2D2-2505-4CFA-AC9C-D3D6A66F04D2}.Debug|MacBook.ActiveCfg = Debug|Any CPU
		{67B3D2D2-2505-4CFA-AC9C-D3D6A66F04D2}.Debug|MacBook.Build.0 = Debug|Any CPU
		{67B3D2D2-2505-4CFA-AC9C-D3D6A66F04D2}.Debug|MacBook.Deploy.0 = Debug|Any CPU
		{67B3D2D2-2505-4CFA-AC9C-D3D6A66F04D2}.Debug|x64.ActiveCfg = Debug|Any CPU
		{67B3D2D2-2505-4CFA-AC9C-D3D6A66F04D2}.Debug|x64.Build.0 = Debug|Any CPU
		{67B3D2D2-2505-4CFA-AC9C-D3D6A66F04D2}.Debug|x64.Deploy.0 = Debug|Any CPU
		{67B3D2D2-2505-4CFA-AC9C-D3D6A66F04D2}.Debug|x86.ActiveCfg = Debug|Any CPU
		{67B3D2D2-2505-4CFA-AC9C-D3D6A66F04D2}.Debug|x86.Build.0 = Debug|Any CPU
		{67B3D2D2-2505-4CFA-AC9C-D3D6A66F04D2}.Debug|x86.Deploy.0 = Debug|Any CPU
		{67B3D2D2-2505-4CFA-AC9C-D3D6A66F04D2}.Release|Any CPU.ActiveCfg = Release|Any CPU
		{67B3D2D2-2505-4CFA-AC9C-D3D6A66F04D2}.Release|Any CPU.Build.0 = Release|Any CPU
		{67B3D2D2-2505-4CFA-AC9C-D3D6A66F04D2}.Release|Any CPU.Deploy.0 = Release|Any CPU
		{67B3D2D2-2505-4CFA-AC9C-D3D6A66F04D2}.Release|ARM.ActiveCfg = Release|Any CPU
		{67B3D2D2-2505-4CFA-AC9C-D3D6A66F04D2}.Release|ARM.Build.0 = Release|Any CPU
		{67B3D2D2-2505-4CFA-AC9C-D3D6A66F04D2}.Release|ARM.Deploy.0 = Release|Any CPU
		{67B3D2D2-2505-4CFA-AC9C-D3D6A66F04D2}.Release|iPhone.ActiveCfg = Release|Any CPU
		{67B3D2D2-2505-4CFA-AC9C-D3D6A66F04D2}.Release|iPhone.Build.0 = Release|Any CPU
		{67B3D2D2-2505-4CFA-AC9C-D3D6A66F04D2}.Release|iPhone.Deploy.0 = Release|Any CPU
		{67B3D2D2-2505-4CFA-AC9C-D3D6A66F04D2}.Release|iPhoneSimulator.ActiveCfg = Release|Any CPU
		{67B3D2D2-2505-4CFA-AC9C-D3D6A66F04D2}.Release|iPhoneSimulator.Build.0 = Release|Any CPU
		{67B3D2D2-2505-4CFA-AC9C-D3D6A66F04D2}.Release|iPhoneSimulator.Deploy.0 = Release|Any CPU
		{67B3D2D2-2505-4CFA-AC9C-D3D6A66F04D2}.Release|MacBook.ActiveCfg = Release|Any CPU
		{67B3D2D2-2505-4CFA-AC9C-D3D6A66F04D2}.Release|MacBook.Build.0 = Release|Any CPU
		{67B3D2D2-2505-4CFA-AC9C-D3D6A66F04D2}.Release|MacBook.Deploy.0 = Release|Any CPU
		{67B3D2D2-2505-4CFA-AC9C-D3D6A66F04D2}.Release|x64.ActiveCfg = Release|Any CPU
		{67B3D2D2-2505-4CFA-AC9C-D3D6A66F04D2}.Release|x64.Build.0 = Release|Any CPU
		{67B3D2D2-2505-4CFA-AC9C-D3D6A66F04D2}.Release|x64.Deploy.0 = Release|Any CPU
		{67B3D2D2-2505-4CFA-AC9C-D3D6A66F04D2}.Release|x86.ActiveCfg = Release|Any CPU
		{67B3D2D2-2505-4CFA-AC9C-D3D6A66F04D2}.Release|x86.Build.0 = Release|Any CPU
		{67B3D2D2-2505-4CFA-AC9C-D3D6A66F04D2}.Release|x86.Deploy.0 = Release|Any CPU
		{02F9C47F-DBBE-465C-9A8A-3F4667F229D1}.Ad-Hoc|Any CPU.ActiveCfg = Release|Any CPU
		{02F9C47F-DBBE-465C-9A8A-3F4667F229D1}.Ad-Hoc|Any CPU.Build.0 = Release|Any CPU
		{02F9C47F-DBBE-465C-9A8A-3F4667F229D1}.Ad-Hoc|ARM.ActiveCfg = Release|Any CPU
		{02F9C47F-DBBE-465C-9A8A-3F4667F229D1}.Ad-Hoc|ARM.Build.0 = Release|Any CPU
		{02F9C47F-DBBE-465C-9A8A-3F4667F229D1}.Ad-Hoc|iPhone.ActiveCfg = Release|Any CPU
		{02F9C47F-DBBE-465C-9A8A-3F4667F229D1}.Ad-Hoc|iPhone.Build.0 = Release|Any CPU
		{02F9C47F-DBBE-465C-9A8A-3F4667F229D1}.Ad-Hoc|iPhoneSimulator.ActiveCfg = Release|Any CPU
		{02F9C47F-DBBE-465C-9A8A-3F4667F229D1}.Ad-Hoc|iPhoneSimulator.Build.0 = Release|Any CPU
		{02F9C47F-DBBE-465C-9A8A-3F4667F229D1}.Ad-Hoc|MacBook.ActiveCfg = Release|Any CPU
		{02F9C47F-DBBE-465C-9A8A-3F4667F229D1}.Ad-Hoc|MacBook.Build.0 = Release|Any CPU
		{02F9C47F-DBBE-465C-9A8A-3F4667F229D1}.Ad-Hoc|x64.ActiveCfg = Release|Any CPU
		{02F9C47F-DBBE-465C-9A8A-3F4667F229D1}.Ad-Hoc|x64.Build.0 = Release|Any CPU
		{02F9C47F-DBBE-465C-9A8A-3F4667F229D1}.Ad-Hoc|x86.ActiveCfg = Release|Any CPU
		{02F9C47F-DBBE-465C-9A8A-3F4667F229D1}.Ad-Hoc|x86.Build.0 = Release|Any CPU
		{02F9C47F-DBBE-465C-9A8A-3F4667F229D1}.AppStore|Any CPU.ActiveCfg = Release|Any CPU
		{02F9C47F-DBBE-465C-9A8A-3F4667F229D1}.AppStore|Any CPU.Build.0 = Release|Any CPU
		{02F9C47F-DBBE-465C-9A8A-3F4667F229D1}.AppStore|ARM.ActiveCfg = Release|Any CPU
		{02F9C47F-DBBE-465C-9A8A-3F4667F229D1}.AppStore|ARM.Build.0 = Release|Any CPU
		{02F9C47F-DBBE-465C-9A8A-3F4667F229D1}.AppStore|iPhone.ActiveCfg = Release|Any CPU
		{02F9C47F-DBBE-465C-9A8A-3F4667F229D1}.AppStore|iPhone.Build.0 = Release|Any CPU
		{02F9C47F-DBBE-465C-9A8A-3F4667F229D1}.AppStore|iPhoneSimulator.ActiveCfg = Release|Any CPU
		{02F9C47F-DBBE-465C-9A8A-3F4667F229D1}.AppStore|iPhoneSimulator.Build.0 = Release|Any CPU
		{02F9C47F-DBBE-465C-9A8A-3F4667F229D1}.AppStore|MacBook.ActiveCfg = Release|Any CPU
		{02F9C47F-DBBE-465C-9A8A-3F4667F229D1}.AppStore|MacBook.Build.0 = Release|Any CPU
		{02F9C47F-DBBE-465C-9A8A-3F4667F229D1}.AppStore|x64.ActiveCfg = Release|Any CPU
		{02F9C47F-DBBE-465C-9A8A-3F4667F229D1}.AppStore|x64.Build.0 = Release|Any CPU
		{02F9C47F-DBBE-465C-9A8A-3F4667F229D1}.AppStore|x86.ActiveCfg = Release|Any CPU
		{02F9C47F-DBBE-465C-9A8A-3F4667F229D1}.AppStore|x86.Build.0 = Release|Any CPU
		{02F9C47F-DBBE-465C-9A8A-3F4667F229D1}.Debug|Any CPU.ActiveCfg = Debug|Any CPU
		{02F9C47F-DBBE-465C-9A8A-3F4667F229D1}.Debug|Any CPU.Build.0 = Debug|Any CPU
		{02F9C47F-DBBE-465C-9A8A-3F4667F229D1}.Debug|ARM.ActiveCfg = Debug|Any CPU
		{02F9C47F-DBBE-465C-9A8A-3F4667F229D1}.Debug|ARM.Build.0 = Debug|Any CPU
		{02F9C47F-DBBE-465C-9A8A-3F4667F229D1}.Debug|iPhone.ActiveCfg = Debug|Any CPU
		{02F9C47F-DBBE-465C-9A8A-3F4667F229D1}.Debug|iPhone.Build.0 = Debug|Any CPU
		{02F9C47F-DBBE-465C-9A8A-3F4667F229D1}.Debug|iPhoneSimulator.ActiveCfg = Debug|Any CPU
		{02F9C47F-DBBE-465C-9A8A-3F4667F229D1}.Debug|iPhoneSimulator.Build.0 = Debug|Any CPU
		{02F9C47F-DBBE-465C-9A8A-3F4667F229D1}.Debug|MacBook.ActiveCfg = Debug|Any CPU
		{02F9C47F-DBBE-465C-9A8A-3F4667F229D1}.Debug|MacBook.Build.0 = Debug|Any CPU
		{02F9C47F-DBBE-465C-9A8A-3F4667F229D1}.Debug|x64.ActiveCfg = Debug|Any CPU
		{02F9C47F-DBBE-465C-9A8A-3F4667F229D1}.Debug|x64.Build.0 = Debug|Any CPU
		{02F9C47F-DBBE-465C-9A8A-3F4667F229D1}.Debug|x86.ActiveCfg = Debug|Any CPU
		{02F9C47F-DBBE-465C-9A8A-3F4667F229D1}.Debug|x86.Build.0 = Debug|Any CPU
		{02F9C47F-DBBE-465C-9A8A-3F4667F229D1}.Release|Any CPU.ActiveCfg = Release|Any CPU
		{02F9C47F-DBBE-465C-9A8A-3F4667F229D1}.Release|Any CPU.Build.0 = Release|Any CPU
		{02F9C47F-DBBE-465C-9A8A-3F4667F229D1}.Release|ARM.ActiveCfg = Release|Any CPU
		{02F9C47F-DBBE-465C-9A8A-3F4667F229D1}.Release|ARM.Build.0 = Release|Any CPU
		{02F9C47F-DBBE-465C-9A8A-3F4667F229D1}.Release|iPhone.ActiveCfg = Release|Any CPU
		{02F9C47F-DBBE-465C-9A8A-3F4667F229D1}.Release|iPhone.Build.0 = Release|Any CPU
		{02F9C47F-DBBE-465C-9A8A-3F4667F229D1}.Release|iPhoneSimulator.ActiveCfg = Release|Any CPU
		{02F9C47F-DBBE-465C-9A8A-3F4667F229D1}.Release|iPhoneSimulator.Build.0 = Release|Any CPU
		{02F9C47F-DBBE-465C-9A8A-3F4667F229D1}.Release|MacBook.ActiveCfg = Release|Any CPU
		{02F9C47F-DBBE-465C-9A8A-3F4667F229D1}.Release|MacBook.Build.0 = Release|Any CPU
		{02F9C47F-DBBE-465C-9A8A-3F4667F229D1}.Release|x64.ActiveCfg = Release|Any CPU
		{02F9C47F-DBBE-465C-9A8A-3F4667F229D1}.Release|x64.Build.0 = Release|Any CPU
		{02F9C47F-DBBE-465C-9A8A-3F4667F229D1}.Release|x86.ActiveCfg = Release|Any CPU
		{02F9C47F-DBBE-465C-9A8A-3F4667F229D1}.Release|x86.Build.0 = Release|Any CPU
		{10001EF0-FA44-417B-9D66-3297A8574F5E}.Ad-Hoc|Any CPU.ActiveCfg = Release|x86
		{10001EF0-FA44-417B-9D66-3297A8574F5E}.Ad-Hoc|Any CPU.Build.0 = Release|x86
		{10001EF0-FA44-417B-9D66-3297A8574F5E}.Ad-Hoc|Any CPU.Deploy.0 = Release|x86
		{10001EF0-FA44-417B-9D66-3297A8574F5E}.Ad-Hoc|ARM.ActiveCfg = Release|ARM
		{10001EF0-FA44-417B-9D66-3297A8574F5E}.Ad-Hoc|ARM.Build.0 = Release|ARM
		{10001EF0-FA44-417B-9D66-3297A8574F5E}.Ad-Hoc|ARM.Deploy.0 = Release|ARM
		{10001EF0-FA44-417B-9D66-3297A8574F5E}.Ad-Hoc|iPhone.ActiveCfg = Release|x86
		{10001EF0-FA44-417B-9D66-3297A8574F5E}.Ad-Hoc|iPhone.Build.0 = Release|x86
		{10001EF0-FA44-417B-9D66-3297A8574F5E}.Ad-Hoc|iPhone.Deploy.0 = Release|x86
		{10001EF0-FA44-417B-9D66-3297A8574F5E}.Ad-Hoc|iPhoneSimulator.ActiveCfg = Release|x86
		{10001EF0-FA44-417B-9D66-3297A8574F5E}.Ad-Hoc|iPhoneSimulator.Build.0 = Release|x86
		{10001EF0-FA44-417B-9D66-3297A8574F5E}.Ad-Hoc|iPhoneSimulator.Deploy.0 = Release|x86
		{10001EF0-FA44-417B-9D66-3297A8574F5E}.Ad-Hoc|MacBook.ActiveCfg = Release|x64
		{10001EF0-FA44-417B-9D66-3297A8574F5E}.Ad-Hoc|MacBook.Build.0 = Release|x64
		{10001EF0-FA44-417B-9D66-3297A8574F5E}.Ad-Hoc|MacBook.Deploy.0 = Release|x64
		{10001EF0-FA44-417B-9D66-3297A8574F5E}.Ad-Hoc|x64.ActiveCfg = Release|x64
		{10001EF0-FA44-417B-9D66-3297A8574F5E}.Ad-Hoc|x64.Build.0 = Release|x64
		{10001EF0-FA44-417B-9D66-3297A8574F5E}.Ad-Hoc|x64.Deploy.0 = Release|x64
		{10001EF0-FA44-417B-9D66-3297A8574F5E}.Ad-Hoc|x86.ActiveCfg = Release|x86
		{10001EF0-FA44-417B-9D66-3297A8574F5E}.Ad-Hoc|x86.Build.0 = Release|x86
		{10001EF0-FA44-417B-9D66-3297A8574F5E}.Ad-Hoc|x86.Deploy.0 = Release|x86
		{10001EF0-FA44-417B-9D66-3297A8574F5E}.AppStore|Any CPU.ActiveCfg = Release|x86
		{10001EF0-FA44-417B-9D66-3297A8574F5E}.AppStore|Any CPU.Build.0 = Release|x86
		{10001EF0-FA44-417B-9D66-3297A8574F5E}.AppStore|Any CPU.Deploy.0 = Release|x86
		{10001EF0-FA44-417B-9D66-3297A8574F5E}.AppStore|ARM.ActiveCfg = Release|ARM
		{10001EF0-FA44-417B-9D66-3297A8574F5E}.AppStore|ARM.Build.0 = Release|ARM
		{10001EF0-FA44-417B-9D66-3297A8574F5E}.AppStore|ARM.Deploy.0 = Release|ARM
		{10001EF0-FA44-417B-9D66-3297A8574F5E}.AppStore|iPhone.ActiveCfg = Release|x86
		{10001EF0-FA44-417B-9D66-3297A8574F5E}.AppStore|iPhone.Build.0 = Release|x86
		{10001EF0-FA44-417B-9D66-3297A8574F5E}.AppStore|iPhone.Deploy.0 = Release|x86
		{10001EF0-FA44-417B-9D66-3297A8574F5E}.AppStore|iPhoneSimulator.ActiveCfg = Release|x86
		{10001EF0-FA44-417B-9D66-3297A8574F5E}.AppStore|iPhoneSimulator.Build.0 = Release|x86
		{10001EF0-FA44-417B-9D66-3297A8574F5E}.AppStore|iPhoneSimulator.Deploy.0 = Release|x86
		{10001EF0-FA44-417B-9D66-3297A8574F5E}.AppStore|MacBook.ActiveCfg = Release|x64
		{10001EF0-FA44-417B-9D66-3297A8574F5E}.AppStore|MacBook.Build.0 = Release|x64
		{10001EF0-FA44-417B-9D66-3297A8574F5E}.AppStore|MacBook.Deploy.0 = Release|x64
		{10001EF0-FA44-417B-9D66-3297A8574F5E}.AppStore|x64.ActiveCfg = Release|x64
		{10001EF0-FA44-417B-9D66-3297A8574F5E}.AppStore|x64.Build.0 = Release|x64
		{10001EF0-FA44-417B-9D66-3297A8574F5E}.AppStore|x64.Deploy.0 = Release|x64
		{10001EF0-FA44-417B-9D66-3297A8574F5E}.AppStore|x86.ActiveCfg = Release|x86
		{10001EF0-FA44-417B-9D66-3297A8574F5E}.AppStore|x86.Build.0 = Release|x86
		{10001EF0-FA44-417B-9D66-3297A8574F5E}.AppStore|x86.Deploy.0 = Release|x86
		{10001EF0-FA44-417B-9D66-3297A8574F5E}.Debug|Any CPU.ActiveCfg = Debug|x86
		{10001EF0-FA44-417B-9D66-3297A8574F5E}.Debug|ARM.ActiveCfg = Debug|ARM
		{10001EF0-FA44-417B-9D66-3297A8574F5E}.Debug|ARM.Build.0 = Debug|ARM
		{10001EF0-FA44-417B-9D66-3297A8574F5E}.Debug|ARM.Deploy.0 = Debug|ARM
		{10001EF0-FA44-417B-9D66-3297A8574F5E}.Debug|iPhone.ActiveCfg = Debug|x86
		{10001EF0-FA44-417B-9D66-3297A8574F5E}.Debug|iPhoneSimulator.ActiveCfg = Debug|x86
		{10001EF0-FA44-417B-9D66-3297A8574F5E}.Debug|MacBook.ActiveCfg = Debug|x64
		{10001EF0-FA44-417B-9D66-3297A8574F5E}.Debug|MacBook.Build.0 = Debug|x64
		{10001EF0-FA44-417B-9D66-3297A8574F5E}.Debug|MacBook.Deploy.0 = Debug|x64
		{10001EF0-FA44-417B-9D66-3297A8574F5E}.Debug|x64.ActiveCfg = Debug|x64
		{10001EF0-FA44-417B-9D66-3297A8574F5E}.Debug|x64.Build.0 = Debug|x64
		{10001EF0-FA44-417B-9D66-3297A8574F5E}.Debug|x64.Deploy.0 = Debug|x64
		{10001EF0-FA44-417B-9D66-3297A8574F5E}.Debug|x86.ActiveCfg = Debug|x86
		{10001EF0-FA44-417B-9D66-3297A8574F5E}.Debug|x86.Build.0 = Debug|x86
		{10001EF0-FA44-417B-9D66-3297A8574F5E}.Debug|x86.Deploy.0 = Debug|x86
		{10001EF0-FA44-417B-9D66-3297A8574F5E}.Release|Any CPU.ActiveCfg = Release|x86
		{10001EF0-FA44-417B-9D66-3297A8574F5E}.Release|ARM.ActiveCfg = Release|ARM
		{10001EF0-FA44-417B-9D66-3297A8574F5E}.Release|ARM.Build.0 = Release|ARM
		{10001EF0-FA44-417B-9D66-3297A8574F5E}.Release|ARM.Deploy.0 = Release|ARM
		{10001EF0-FA44-417B-9D66-3297A8574F5E}.Release|iPhone.ActiveCfg = Release|x86
		{10001EF0-FA44-417B-9D66-3297A8574F5E}.Release|iPhoneSimulator.ActiveCfg = Release|x86
		{10001EF0-FA44-417B-9D66-3297A8574F5E}.Release|MacBook.ActiveCfg = Release|x64
		{10001EF0-FA44-417B-9D66-3297A8574F5E}.Release|MacBook.Build.0 = Release|x64
		{10001EF0-FA44-417B-9D66-3297A8574F5E}.Release|MacBook.Deploy.0 = Release|x64
		{10001EF0-FA44-417B-9D66-3297A8574F5E}.Release|x64.ActiveCfg = Release|x64
		{10001EF0-FA44-417B-9D66-3297A8574F5E}.Release|x64.Build.0 = Release|x64
		{10001EF0-FA44-417B-9D66-3297A8574F5E}.Release|x64.Deploy.0 = Release|x64
		{10001EF0-FA44-417B-9D66-3297A8574F5E}.Release|x86.ActiveCfg = Release|x86
		{10001EF0-FA44-417B-9D66-3297A8574F5E}.Release|x86.Build.0 = Release|x86
		{10001EF0-FA44-417B-9D66-3297A8574F5E}.Release|x86.Deploy.0 = Release|x86
		{AE0B8F2E-1D9D-48E3-A21C-DF0E74ED3A64}.Ad-Hoc|Any CPU.ActiveCfg = Ad-Hoc|iPhoneSimulator
		{AE0B8F2E-1D9D-48E3-A21C-DF0E74ED3A64}.Ad-Hoc|ARM.ActiveCfg = Ad-Hoc|iPhone
		{AE0B8F2E-1D9D-48E3-A21C-DF0E74ED3A64}.Ad-Hoc|iPhone.ActiveCfg = Ad-Hoc|iPhone
		{AE0B8F2E-1D9D-48E3-A21C-DF0E74ED3A64}.Ad-Hoc|iPhone.Build.0 = Ad-Hoc|iPhone
		{AE0B8F2E-1D9D-48E3-A21C-DF0E74ED3A64}.Ad-Hoc|iPhoneSimulator.ActiveCfg = Ad-Hoc|iPhoneSimulator
		{AE0B8F2E-1D9D-48E3-A21C-DF0E74ED3A64}.Ad-Hoc|iPhoneSimulator.Build.0 = Ad-Hoc|iPhoneSimulator
		{AE0B8F2E-1D9D-48E3-A21C-DF0E74ED3A64}.Ad-Hoc|MacBook.ActiveCfg = Ad-Hoc|iPhone
		{AE0B8F2E-1D9D-48E3-A21C-DF0E74ED3A64}.Ad-Hoc|x64.ActiveCfg = Ad-Hoc|iPhone
		{AE0B8F2E-1D9D-48E3-A21C-DF0E74ED3A64}.Ad-Hoc|x86.ActiveCfg = Ad-Hoc|iPhone
		{AE0B8F2E-1D9D-48E3-A21C-DF0E74ED3A64}.AppStore|Any CPU.ActiveCfg = AppStore|iPhoneSimulator
		{AE0B8F2E-1D9D-48E3-A21C-DF0E74ED3A64}.AppStore|ARM.ActiveCfg = AppStore|iPhone
		{AE0B8F2E-1D9D-48E3-A21C-DF0E74ED3A64}.AppStore|iPhone.ActiveCfg = AppStore|iPhone
		{AE0B8F2E-1D9D-48E3-A21C-DF0E74ED3A64}.AppStore|iPhone.Build.0 = AppStore|iPhone
		{AE0B8F2E-1D9D-48E3-A21C-DF0E74ED3A64}.AppStore|iPhoneSimulator.ActiveCfg = AppStore|iPhoneSimulator
		{AE0B8F2E-1D9D-48E3-A21C-DF0E74ED3A64}.AppStore|iPhoneSimulator.Build.0 = AppStore|iPhoneSimulator
		{AE0B8F2E-1D9D-48E3-A21C-DF0E74ED3A64}.AppStore|MacBook.ActiveCfg = AppStore|iPhone
		{AE0B8F2E-1D9D-48E3-A21C-DF0E74ED3A64}.AppStore|x64.ActiveCfg = AppStore|iPhone
		{AE0B8F2E-1D9D-48E3-A21C-DF0E74ED3A64}.AppStore|x86.ActiveCfg = AppStore|iPhone
		{AE0B8F2E-1D9D-48E3-A21C-DF0E74ED3A64}.Debug|Any CPU.ActiveCfg = Debug|iPhoneSimulator
		{AE0B8F2E-1D9D-48E3-A21C-DF0E74ED3A64}.Debug|ARM.ActiveCfg = Debug|iPhone
		{AE0B8F2E-1D9D-48E3-A21C-DF0E74ED3A64}.Debug|iPhone.ActiveCfg = Debug|iPhone
		{AE0B8F2E-1D9D-48E3-A21C-DF0E74ED3A64}.Debug|iPhone.Build.0 = Debug|iPhone
		{AE0B8F2E-1D9D-48E3-A21C-DF0E74ED3A64}.Debug|iPhoneSimulator.ActiveCfg = Debug|iPhoneSimulator
		{AE0B8F2E-1D9D-48E3-A21C-DF0E74ED3A64}.Debug|iPhoneSimulator.Build.0 = Debug|iPhoneSimulator
		{AE0B8F2E-1D9D-48E3-A21C-DF0E74ED3A64}.Debug|MacBook.ActiveCfg = Debug|iPhone
		{AE0B8F2E-1D9D-48E3-A21C-DF0E74ED3A64}.Debug|x64.ActiveCfg = Debug|iPhone
		{AE0B8F2E-1D9D-48E3-A21C-DF0E74ED3A64}.Debug|x86.ActiveCfg = Debug|iPhone
		{AE0B8F2E-1D9D-48E3-A21C-DF0E74ED3A64}.Release|Any CPU.ActiveCfg = Release|iPhoneSimulator
		{AE0B8F2E-1D9D-48E3-A21C-DF0E74ED3A64}.Release|ARM.ActiveCfg = Release|iPhone
		{AE0B8F2E-1D9D-48E3-A21C-DF0E74ED3A64}.Release|iPhone.ActiveCfg = Release|iPhone
		{AE0B8F2E-1D9D-48E3-A21C-DF0E74ED3A64}.Release|iPhone.Build.0 = Release|iPhone
		{AE0B8F2E-1D9D-48E3-A21C-DF0E74ED3A64}.Release|iPhoneSimulator.ActiveCfg = Release|iPhoneSimulator
		{AE0B8F2E-1D9D-48E3-A21C-DF0E74ED3A64}.Release|iPhoneSimulator.Build.0 = Release|iPhoneSimulator
		{AE0B8F2E-1D9D-48E3-A21C-DF0E74ED3A64}.Release|MacBook.ActiveCfg = Release|iPhone
		{AE0B8F2E-1D9D-48E3-A21C-DF0E74ED3A64}.Release|x64.ActiveCfg = Release|iPhone
		{AE0B8F2E-1D9D-48E3-A21C-DF0E74ED3A64}.Release|x86.ActiveCfg = Release|iPhone
		{DC2C99C0-B8EC-4AB0-94BE-D8EDC4C6FA93}.Ad-Hoc|Any CPU.ActiveCfg = Release|Any CPU
		{DC2C99C0-B8EC-4AB0-94BE-D8EDC4C6FA93}.Ad-Hoc|Any CPU.Build.0 = Release|Any CPU
		{DC2C99C0-B8EC-4AB0-94BE-D8EDC4C6FA93}.Ad-Hoc|ARM.ActiveCfg = Release|Any CPU
		{DC2C99C0-B8EC-4AB0-94BE-D8EDC4C6FA93}.Ad-Hoc|ARM.Build.0 = Release|Any CPU
		{DC2C99C0-B8EC-4AB0-94BE-D8EDC4C6FA93}.Ad-Hoc|iPhone.ActiveCfg = Release|Any CPU
		{DC2C99C0-B8EC-4AB0-94BE-D8EDC4C6FA93}.Ad-Hoc|iPhone.Build.0 = Release|Any CPU
		{DC2C99C0-B8EC-4AB0-94BE-D8EDC4C6FA93}.Ad-Hoc|iPhoneSimulator.ActiveCfg = Release|Any CPU
		{DC2C99C0-B8EC-4AB0-94BE-D8EDC4C6FA93}.Ad-Hoc|iPhoneSimulator.Build.0 = Release|Any CPU
		{DC2C99C0-B8EC-4AB0-94BE-D8EDC4C6FA93}.Ad-Hoc|MacBook.ActiveCfg = Release|Any CPU
		{DC2C99C0-B8EC-4AB0-94BE-D8EDC4C6FA93}.Ad-Hoc|MacBook.Build.0 = Release|Any CPU
		{DC2C99C0-B8EC-4AB0-94BE-D8EDC4C6FA93}.Ad-Hoc|x64.ActiveCfg = Release|Any CPU
		{DC2C99C0-B8EC-4AB0-94BE-D8EDC4C6FA93}.Ad-Hoc|x64.Build.0 = Release|Any CPU
		{DC2C99C0-B8EC-4AB0-94BE-D8EDC4C6FA93}.Ad-Hoc|x86.ActiveCfg = Release|Any CPU
		{DC2C99C0-B8EC-4AB0-94BE-D8EDC4C6FA93}.Ad-Hoc|x86.Build.0 = Release|Any CPU
		{DC2C99C0-B8EC-4AB0-94BE-D8EDC4C6FA93}.AppStore|Any CPU.ActiveCfg = Release|Any CPU
		{DC2C99C0-B8EC-4AB0-94BE-D8EDC4C6FA93}.AppStore|Any CPU.Build.0 = Release|Any CPU
		{DC2C99C0-B8EC-4AB0-94BE-D8EDC4C6FA93}.AppStore|ARM.ActiveCfg = Release|Any CPU
		{DC2C99C0-B8EC-4AB0-94BE-D8EDC4C6FA93}.AppStore|ARM.Build.0 = Release|Any CPU
		{DC2C99C0-B8EC-4AB0-94BE-D8EDC4C6FA93}.AppStore|iPhone.ActiveCfg = Release|Any CPU
		{DC2C99C0-B8EC-4AB0-94BE-D8EDC4C6FA93}.AppStore|iPhone.Build.0 = Release|Any CPU
		{DC2C99C0-B8EC-4AB0-94BE-D8EDC4C6FA93}.AppStore|iPhoneSimulator.ActiveCfg = Release|Any CPU
		{DC2C99C0-B8EC-4AB0-94BE-D8EDC4C6FA93}.AppStore|iPhoneSimulator.Build.0 = Release|Any CPU
		{DC2C99C0-B8EC-4AB0-94BE-D8EDC4C6FA93}.AppStore|MacBook.ActiveCfg = Release|Any CPU
		{DC2C99C0-B8EC-4AB0-94BE-D8EDC4C6FA93}.AppStore|MacBook.Build.0 = Release|Any CPU
		{DC2C99C0-B8EC-4AB0-94BE-D8EDC4C6FA93}.AppStore|x64.ActiveCfg = Release|Any CPU
		{DC2C99C0-B8EC-4AB0-94BE-D8EDC4C6FA93}.AppStore|x64.Build.0 = Release|Any CPU
		{DC2C99C0-B8EC-4AB0-94BE-D8EDC4C6FA93}.AppStore|x86.ActiveCfg = Release|Any CPU
		{DC2C99C0-B8EC-4AB0-94BE-D8EDC4C6FA93}.AppStore|x86.Build.0 = Release|Any CPU
		{DC2C99C0-B8EC-4AB0-94BE-D8EDC4C6FA93}.Debug|Any CPU.ActiveCfg = Debug|Any CPU
		{DC2C99C0-B8EC-4AB0-94BE-D8EDC4C6FA93}.Debug|Any CPU.Build.0 = Debug|Any CPU
		{DC2C99C0-B8EC-4AB0-94BE-D8EDC4C6FA93}.Debug|ARM.ActiveCfg = Debug|Any CPU
		{DC2C99C0-B8EC-4AB0-94BE-D8EDC4C6FA93}.Debug|ARM.Build.0 = Debug|Any CPU
		{DC2C99C0-B8EC-4AB0-94BE-D8EDC4C6FA93}.Debug|iPhone.ActiveCfg = Debug|Any CPU
		{DC2C99C0-B8EC-4AB0-94BE-D8EDC4C6FA93}.Debug|iPhone.Build.0 = Debug|Any CPU
		{DC2C99C0-B8EC-4AB0-94BE-D8EDC4C6FA93}.Debug|iPhoneSimulator.ActiveCfg = Debug|Any CPU
		{DC2C99C0-B8EC-4AB0-94BE-D8EDC4C6FA93}.Debug|iPhoneSimulator.Build.0 = Debug|Any CPU
		{DC2C99C0-B8EC-4AB0-94BE-D8EDC4C6FA93}.Debug|MacBook.ActiveCfg = Debug|Any CPU
		{DC2C99C0-B8EC-4AB0-94BE-D8EDC4C6FA93}.Debug|MacBook.Build.0 = Debug|Any CPU
		{DC2C99C0-B8EC-4AB0-94BE-D8EDC4C6FA93}.Debug|x64.ActiveCfg = Debug|Any CPU
		{DC2C99C0-B8EC-4AB0-94BE-D8EDC4C6FA93}.Debug|x64.Build.0 = Debug|Any CPU
		{DC2C99C0-B8EC-4AB0-94BE-D8EDC4C6FA93}.Debug|x86.ActiveCfg = Debug|Any CPU
		{DC2C99C0-B8EC-4AB0-94BE-D8EDC4C6FA93}.Debug|x86.Build.0 = Debug|Any CPU
		{DC2C99C0-B8EC-4AB0-94BE-D8EDC4C6FA93}.Release|Any CPU.ActiveCfg = Release|Any CPU
		{DC2C99C0-B8EC-4AB0-94BE-D8EDC4C6FA93}.Release|Any CPU.Build.0 = Release|Any CPU
		{DC2C99C0-B8EC-4AB0-94BE-D8EDC4C6FA93}.Release|ARM.ActiveCfg = Release|Any CPU
		{DC2C99C0-B8EC-4AB0-94BE-D8EDC4C6FA93}.Release|ARM.Build.0 = Release|Any CPU
		{DC2C99C0-B8EC-4AB0-94BE-D8EDC4C6FA93}.Release|iPhone.ActiveCfg = Release|Any CPU
		{DC2C99C0-B8EC-4AB0-94BE-D8EDC4C6FA93}.Release|iPhone.Build.0 = Release|Any CPU
		{DC2C99C0-B8EC-4AB0-94BE-D8EDC4C6FA93}.Release|iPhoneSimulator.ActiveCfg = Release|Any CPU
		{DC2C99C0-B8EC-4AB0-94BE-D8EDC4C6FA93}.Release|iPhoneSimulator.Build.0 = Release|Any CPU
		{DC2C99C0-B8EC-4AB0-94BE-D8EDC4C6FA93}.Release|MacBook.ActiveCfg = Release|Any CPU
		{DC2C99C0-B8EC-4AB0-94BE-D8EDC4C6FA93}.Release|MacBook.Build.0 = Release|Any CPU
		{DC2C99C0-B8EC-4AB0-94BE-D8EDC4C6FA93}.Release|x64.ActiveCfg = Release|Any CPU
		{DC2C99C0-B8EC-4AB0-94BE-D8EDC4C6FA93}.Release|x64.Build.0 = Release|Any CPU
		{DC2C99C0-B8EC-4AB0-94BE-D8EDC4C6FA93}.Release|x86.ActiveCfg = Release|Any CPU
		{DC2C99C0-B8EC-4AB0-94BE-D8EDC4C6FA93}.Release|x86.Build.0 = Release|Any CPU
	EndGlobalSection
	GlobalSection(SolutionProperties) = preSolution
		HideSolutionNode = FALSE
	EndGlobalSection
	GlobalSection(ExtensibilityGlobals) = postSolution
		SolutionGuid = {3DF3CAA1-F1FA-485B-93DA-E180819C8A0D}
	EndGlobalSection
	GlobalSection(TeamFoundationVersionControl) = preSolution
		SccNumberOfProjects = 5
		SccEnterpriseProvider = {4CA58AB2-18FA-4F8D-95D4-32DDF27D184C}
		SccTeamFoundationServer = https://hakan-berg.visualstudio.com/
		SccLocalPath0 = .
		SccProjectUniqueName1 = SysExLab\\SysExLab\\SysExLab.csproj
		SccProjectName1 = SysExLab/SysExLab
		SccLocalPath1 = SysExLab\\SysExLab
		SccProjectUniqueName2 = SysExLab\\SysExLab.UWP\\SysExLab_UWP.csproj
		SccProjectName2 = SysExLab/SysExLab.UWP
		SccLocalPath2 = SysExLab\\SysExLab.UWP
		SccProjectUniqueName3 = SysExLab\\SysExLab.iOS\\SysExLab_iOS.csproj
		SccProjectName3 = SysExLab/SysExLab.iOS
		SccLocalPath3 = SysExLab\\SysExLab.iOS
		SccProjectUniqueName4 = SysExLab\\SysExLab.Android\\SysExLab_Android.csproj
		SccProjectName4 = SysExLab/SysExLab.Android
		SccLocalPath4 = SysExLab\\SysExLab.Android
	EndGlobalSection
EndGlobal
